
Microsoft Visual Studio Solution File, Format Version 12.00
# Visual Studio Version 16
VisualStudioVersion = 16.0.30804.86
MinimumVisualStudioVersion = 10.0.40219.1
Project("{FAE04EC0-301F-11D3-BF4B-00C04F79EFBC}") = "ExProposto137", "ExProposto137\ExProposto137.csproj", "{DBE75066-07BE-4767-BAC6-75550EB56366}"
EndProject
Global
	GlobalSection(SolutionConfigurationPlatforms) = preSolution
		Debug|Any CPU = Debug|Any CPU
		Release|Any CPU = Release|Any CPU
	EndGlobalSection
	GlobalSection(ProjectConfigurationPlatforms) = postSolution
		{DBE75066-07BE-4767-BAC6-75550EB56366}.Debug|Any CPU.ActiveCfg = Debug|Any CPU
		{DBE75066-07BE-4767-BAC6-75550EB56366}.Debug|Any CPU.Build.0 = Debug|Any CPU
		{DBE75066-07BE-4767-BAC6-75550EB56366}.Release|Any CPU.ActiveCfg = Release|Any CPU
		{DBE75066-07BE-4767-BAC6-75550EB56366}.Release|Any CPU.Build.0 = Release|Any CPU
	EndGlobalSection
	GlobalSection(SolutionProperties) = preSolution
		HideSolutionNode = FALSE
	EndGlobalSection
	GlobalSection(ExtensibilityGlobals) = postSolution
		SolutionGuid = {F67658C9-47F4-45CA-A8D3-BA829C0ED839}
	EndGlobalSection
EndGlobal
